
Microsoft Visual Studio Solution File, Format Version 12.00
# Visual Studio Version 16
VisualStudioVersion = 16.0.29920.165
MinimumVisualStudioVersion = 10.0.40219.1
Project("{8BC9CEB8-8B4A-11D0-8D11-00A0C91BC942}") = "TextViewer", "TextViewer.vcxproj", "{EB9686C3-C9FA-4234-B114-FF6827CEAA93}"
EndProject
Global
	GlobalSection(SolutionConfigurationPlatforms) = preSolution
		Debug|x86 = Debug|x86
		Release|x86 = Release|x86
	EndGlobalSection
	GlobalSection(ProjectConfigurationPlatforms) = postSolution
		{EB9686C3-C9FA-4234-B114-FF6827CEAA93}.Debug|x86.ActiveCfg = Debug|Win32
		{EB9686C3-C9FA-4234-B114-FF6827CEAA93}.Debug|x86.Build.0 = Debug|Win32
		{EB9686C3-C9FA-4234-B114-FF6827CEAA93}.Release|x86.ActiveCfg = Release|Win32
		{EB9686C3-C9FA-4234-B114-FF6827CEAA93}.Release|x86.Build.0 = Release|Win32
	EndGlobalSection
	GlobalSection(SolutionProperties) = preSolution
		HideSolutionNode = FALSE
	EndGlobalSection
	GlobalSection(ExtensibilityGlobals) = postSolution
		SolutionGuid = {AC962BCA-A300-4344-BD0E-6304688B04F7}
	EndGlobalSection
EndGlobal
